// !$*UTF8*$!
{
	archiveVersion = 1;
	classes = {
	};
	objectVersion = 50;
	objects = {

/* Begin PBXBuildFile section */
		0E80B4F94E55357B551E763F /* Pods_GitHubViewer.framework in Frameworks */ = {isa = PBXBuildFile; fileRef = 57EB073BDB1E33D1E0B13990 /* Pods_GitHubViewer.framework */; };
		D891C4F12291AB40009B4A28 /* GitHubUtil.swift in Sources */ = {isa = PBXBuildFile; fileRef = D891C4F02291AB40009B4A28 /* GitHubUtil.swift */; };
		D891C5042292E911009B4A28 /* GitHubUtilTests.swift in Sources */ = {isa = PBXBuildFile; fileRef = D891C5032292E911009B4A28 /* GitHubUtilTests.swift */; };
		D891C5062292EBB2009B4A28 /* GitHubServiceTests.swift in Sources */ = {isa = PBXBuildFile; fileRef = D891C5052292EBB2009B4A28 /* GitHubServiceTests.swift */; };
		D8FB1DEC228AED7E00203E4B /* AppDelegate.swift in Sources */ = {isa = PBXBuildFile; fileRef = D8FB1DEB228AED7E00203E4B /* AppDelegate.swift */; };
		D8FB1DEE228AED7E00203E4B /* UserListViewController.swift in Sources */ = {isa = PBXBuildFile; fileRef = D8FB1DED228AED7E00203E4B /* UserListViewController.swift */; };
		D8FB1DF1228AED7E00203E4B /* Main.storyboard in Resources */ = {isa = PBXBuildFile; fileRef = D8FB1DEF228AED7E00203E4B /* Main.storyboard */; };
		D8FB1DF3228AED8100203E4B /* Assets.xcassets in Resources */ = {isa = PBXBuildFile; fileRef = D8FB1DF2228AED8100203E4B /* Assets.xcassets */; };
		D8FB1DF6228AED8100203E4B /* LaunchScreen.storyboard in Resources */ = {isa = PBXBuildFile; fileRef = D8FB1DF4228AED8100203E4B /* LaunchScreen.storyboard */; };
		D8FB1DFE228AEECB00203E4B /* Settings.bundle in Resources */ = {isa = PBXBuildFile; fileRef = D8FB1DFD228AEECB00203E4B /* Settings.bundle */; };
		D8FB1E05228B0A8E00203E4B /* GitHubService.swift in Sources */ = {isa = PBXBuildFile; fileRef = D8FB1E04228B0A8E00203E4B /* GitHubService.swift */; };
		D8FB1E08228B0B6300203E4B /* User.swift in Sources */ = {isa = PBXBuildFile; fileRef = D8FB1E07228B0B6300203E4B /* User.swift */; };
		D8FB1E0B228DB1EB00203E4B /* UserCell.swift in Sources */ = {isa = PBXBuildFile; fileRef = D8FB1E0A228DB1EB00203E4B /* UserCell.swift */; };
		D8FB1E0D228DB1F500203E4B /* UserCell.xib in Resources */ = {isa = PBXBuildFile; fileRef = D8FB1E0C228DB1F500203E4B /* UserCell.xib */; };
		D8FB1E10228FD92E00203E4B /* UserRepositoryViewController.swift in Sources */ = {isa = PBXBuildFile; fileRef = D8FB1E0F228FD92E00203E4B /* UserRepositoryViewController.swift */; };
		D8FB1E12228FE8D800203E4B /* UserDetail.swift in Sources */ = {isa = PBXBuildFile; fileRef = D8FB1E11228FE8D800203E4B /* UserDetail.swift */; };
		D8FB1E14228FEDD400203E4B /* Repository.swift in Sources */ = {isa = PBXBuildFile; fileRef = D8FB1E13228FEDD300203E4B /* Repository.swift */; };
		D8FB1E162290314600203E4B /* UserDetailView.swift in Sources */ = {isa = PBXBuildFile; fileRef = D8FB1E152290314600203E4B /* UserDetailView.swift */; };
		D8FB1E18229036A100203E4B /* UserDetailView.xib in Resources */ = {isa = PBXBuildFile; fileRef = D8FB1E17229036A100203E4B /* UserDetailView.xib */; };
		D8FB1E1A229040FE00203E4B /* Constants.swift in Sources */ = {isa = PBXBuildFile; fileRef = D8FB1E19229040FE00203E4B /* Constants.swift */; };
		D8FB1E1C229049F700203E4B /* RepositoryCell.swift in Sources */ = {isa = PBXBuildFile; fileRef = D8FB1E1B229049F600203E4B /* RepositoryCell.swift */; };
		D8FB1E1E22904A0300203E4B /* RepositoryCell.xib in Resources */ = {isa = PBXBuildFile; fileRef = D8FB1E1D22904A0300203E4B /* RepositoryCell.xib */; };
		D8FB1E2022906F0900203E4B /* WebViewController.swift in Sources */ = {isa = PBXBuildFile; fileRef = D8FB1E1F22906F0900203E4B /* WebViewController.swift */; };
/* End PBXBuildFile section */

/* Begin PBXContainerItemProxy section */
		D891C4FB2292E78C009B4A28 /* PBXContainerItemProxy */ = {
			isa = PBXContainerItemProxy;
			containerPortal = D8FB1DE0228AED7E00203E4B /* Project object */;
			proxyType = 1;
			remoteGlobalIDString = D8FB1DE7228AED7E00203E4B;
			remoteInfo = GitHubViewer;
		};
/* End PBXContainerItemProxy section */

/* Begin PBXFileReference section */
		57EB073BDB1E33D1E0B13990 /* Pods_GitHubViewer.framework */ = {isa = PBXFileReference; explicitFileType = wrapper.framework; includeInIndex = 0; path = Pods_GitHubViewer.framework; sourceTree = BUILT_PRODUCTS_DIR; };
		586A3BAFB706B6ACA94979E7 /* Pods-GitHubViewer.debug.xcconfig */ = {isa = PBXFileReference; includeInIndex = 1; lastKnownFileType = text.xcconfig; name = "Pods-GitHubViewer.debug.xcconfig"; path = "Pods/Target Support Files/Pods-GitHubViewer/Pods-GitHubViewer.debug.xcconfig"; sourceTree = "<group>"; };
		C488F3D143937417B8014B67 /* Pods-GitHubViewer.release.xcconfig */ = {isa = PBXFileReference; includeInIndex = 1; lastKnownFileType = text.xcconfig; name = "Pods-GitHubViewer.release.xcconfig"; path = "Pods/Target Support Files/Pods-GitHubViewer/Pods-GitHubViewer.release.xcconfig"; sourceTree = "<group>"; };
		D891C4F02291AB40009B4A28 /* GitHubUtil.swift */ = {isa = PBXFileReference; lastKnownFileType = sourcecode.swift; path = GitHubUtil.swift; sourceTree = "<group>"; };
		D891C4F62292E78C009B4A28 /* GitHubViewerTests.xctest */ = {isa = PBXFileReference; explicitFileType = wrapper.cfbundle; includeInIndex = 0; path = GitHubViewerTests.xctest; sourceTree = BUILT_PRODUCTS_DIR; };
		D891C4FA2292E78C009B4A28 /* Info.plist */ = {isa = PBXFileReference; lastKnownFileType = text.plist.xml; path = Info.plist; sourceTree = "<group>"; };
		D891C5032292E911009B4A28 /* GitHubUtilTests.swift */ = {isa = PBXFileReference; lastKnownFileType = sourcecode.swift; path = GitHubUtilTests.swift; sourceTree = "<group>"; };
		D891C5052292EBB2009B4A28 /* GitHubServiceTests.swift */ = {isa = PBXFileReference; lastKnownFileType = sourcecode.swift; path = GitHubServiceTests.swift; sourceTree = "<group>"; };
		D8FB1DE8228AED7E00203E4B /* GitHubViewer.app */ = {isa = PBXFileReference; explicitFileType = wrapper.application; includeInIndex = 0; path = GitHubViewer.app; sourceTree = BUILT_PRODUCTS_DIR; };
		D8FB1DEB228AED7E00203E4B /* AppDelegate.swift */ = {isa = PBXFileReference; lastKnownFileType = sourcecode.swift; path = AppDelegate.swift; sourceTree = "<group>"; };
		D8FB1DED228AED7E00203E4B /* UserListViewController.swift */ = {isa = PBXFileReference; lastKnownFileType = sourcecode.swift; path = UserListViewController.swift; sourceTree = "<group>"; };
		D8FB1DF0228AED7E00203E4B /* Base */ = {isa = PBXFileReference; lastKnownFileType = file.storyboard; name = Base; path = Base.lproj/Main.storyboard; sourceTree = "<group>"; };
		D8FB1DF2228AED8100203E4B /* Assets.xcassets */ = {isa = PBXFileReference; lastKnownFileType = folder.assetcatalog; path = Assets.xcassets; sourceTree = "<group>"; };
		D8FB1DF5228AED8100203E4B /* Base */ = {isa = PBXFileReference; lastKnownFileType = file.storyboard; name = Base; path = Base.lproj/LaunchScreen.storyboard; sourceTree = "<group>"; };
		D8FB1DF7228AED8100203E4B /* Info.plist */ = {isa = PBXFileReference; lastKnownFileType = text.plist.xml; path = Info.plist; sourceTree = "<group>"; };
		D8FB1DFD228AEECB00203E4B /* Settings.bundle */ = {isa = PBXFileReference; lastKnownFileType = "wrapper.plug-in"; path = Settings.bundle; sourceTree = "<group>"; };
		D8FB1E04228B0A8E00203E4B /* GitHubService.swift */ = {isa = PBXFileReference; lastKnownFileType = sourcecode.swift; path = GitHubService.swift; sourceTree = "<group>"; };
		D8FB1E07228B0B6300203E4B /* User.swift */ = {isa = PBXFileReference; lastKnownFileType = sourcecode.swift; path = User.swift; sourceTree = "<group>"; };
		D8FB1E0A228DB1EB00203E4B /* UserCell.swift */ = {isa = PBXFileReference; lastKnownFileType = sourcecode.swift; path = UserCell.swift; sourceTree = "<group>"; };
		D8FB1E0C228DB1F500203E4B /* UserCell.xib */ = {isa = PBXFileReference; lastKnownFileType = file.xib; path = UserCell.xib; sourceTree = "<group>"; };
		D8FB1E0E228F0A5900203E4B /* Bridging-Header.h */ = {isa = PBXFileReference; lastKnownFileType = sourcecode.c.h; path = "Bridging-Header.h"; sourceTree = "<group>"; };
		D8FB1E0F228FD92E00203E4B /* UserRepositoryViewController.swift */ = {isa = PBXFileReference; lastKnownFileType = sourcecode.swift; path = UserRepositoryViewController.swift; sourceTree = "<group>"; };
		D8FB1E11228FE8D800203E4B /* UserDetail.swift */ = {isa = PBXFileReference; lastKnownFileType = sourcecode.swift; path = UserDetail.swift; sourceTree = "<group>"; };
		D8FB1E13228FEDD300203E4B /* Repository.swift */ = {isa = PBXFileReference; lastKnownFileType = sourcecode.swift; path = Repository.swift; sourceTree = "<group>"; };
		D8FB1E152290314600203E4B /* UserDetailView.swift */ = {isa = PBXFileReference; lastKnownFileType = sourcecode.swift; path = UserDetailView.swift; sourceTree = "<group>"; };
		D8FB1E17229036A100203E4B /* UserDetailView.xib */ = {isa = PBXFileReference; lastKnownFileType = file.xib; path = UserDetailView.xib; sourceTree = "<group>"; };
		D8FB1E19229040FE00203E4B /* Constants.swift */ = {isa = PBXFileReference; lastKnownFileType = sourcecode.swift; path = Constants.swift; sourceTree = "<group>"; };
		D8FB1E1B229049F600203E4B /* RepositoryCell.swift */ = {isa = PBXFileReference; lastKnownFileType = sourcecode.swift; path = RepositoryCell.swift; sourceTree = "<group>"; };
		D8FB1E1D22904A0300203E4B /* RepositoryCell.xib */ = {isa = PBXFileReference; lastKnownFileType = file.xib; path = RepositoryCell.xib; sourceTree = "<group>"; };
		D8FB1E1F22906F0900203E4B /* WebViewController.swift */ = {isa = PBXFileReference; lastKnownFileType = sourcecode.swift; path = WebViewController.swift; sourceTree = "<group>"; };
/* End PBXFileReference section */

/* Begin PBXFrameworksBuildPhase section */
		D891C4F32292E78C009B4A28 /* Frameworks */ = {
			isa = PBXFrameworksBuildPhase;
			buildActionMask = 2147483647;
			files = (
			);
			runOnlyForDeploymentPostprocessing = 0;
		};
		D8FB1DE5228AED7E00203E4B /* Frameworks */ = {
			isa = PBXFrameworksBuildPhase;
			buildActionMask = 2147483647;
			files = (
				0E80B4F94E55357B551E763F /* Pods_GitHubViewer.framework in Frameworks */,
			);
			runOnlyForDeploymentPostprocessing = 0;
		};
/* End PBXFrameworksBuildPhase section */

/* Begin PBXGroup section */
		6CAD3D5AA71FC08EBA37C384 /* Pods */ = {
			isa = PBXGroup;
			children = (
				586A3BAFB706B6ACA94979E7 /* Pods-GitHubViewer.debug.xcconfig */,
				C488F3D143937417B8014B67 /* Pods-GitHubViewer.release.xcconfig */,
			);
			name = Pods;
			sourceTree = "<group>";
		};
		8F6CB402F66A4B539A9F5E04 /* Frameworks */ = {
			isa = PBXGroup;
			children = (
				57EB073BDB1E33D1E0B13990 /* Pods_GitHubViewer.framework */,
			);
			name = Frameworks;
			sourceTree = "<group>";
		};
		D891C4EF2291AADD009B4A28 /* util */ = {
			isa = PBXGroup;
			children = (
				D891C4F02291AB40009B4A28 /* GitHubUtil.swift */,
			);
			path = util;
			sourceTree = "<group>";
		};
		D891C4F72292E78C009B4A28 /* GitHubViewerTests */ = {
			isa = PBXGroup;
			children = (
				D891C5012292E8E8009B4A28 /* service */,
				D891C5022292E8E8009B4A28 /* util */,
				D891C4FA2292E78C009B4A28 /* Info.plist */,
			);
			path = GitHubViewerTests;
			sourceTree = "<group>";
		};
		D891C5012292E8E8009B4A28 /* service */ = {
			isa = PBXGroup;
			children = (
				D891C5052292EBB2009B4A28 /* GitHubServiceTests.swift */,
			);
			path = service;
			sourceTree = "<group>";
		};
		D891C5022292E8E8009B4A28 /* util */ = {
			isa = PBXGroup;
			children = (
				D891C5032292E911009B4A28 /* GitHubUtilTests.swift */,
			);
			path = util;
			sourceTree = "<group>";
		};
		D8FB1DDF228AED7E00203E4B = {
			isa = PBXGroup;
			children = (
				D8FB1DEA228AED7E00203E4B /* GitHubViewer */,
				D891C4F72292E78C009B4A28 /* GitHubViewerTests */,
				D8FB1DE9228AED7E00203E4B /* Products */,
				6CAD3D5AA71FC08EBA37C384 /* Pods */,
				8F6CB402F66A4B539A9F5E04 /* Frameworks */,
			);
			sourceTree = "<group>";
		};
		D8FB1DE9228AED7E00203E4B /* Products */ = {
			isa = PBXGroup;
			children = (
				D8FB1DE8228AED7E00203E4B /* GitHubViewer.app */,
				D891C4F62292E78C009B4A28 /* GitHubViewerTests.xctest */,
			);
			name = Products;
			sourceTree = "<group>";
		};
		D8FB1DEA228AED7E00203E4B /* GitHubViewer */ = {
			isa = PBXGroup;
			children = (
				D8FB1DEB228AED7E00203E4B /* AppDelegate.swift */,
				D8FB1DEF228AED7E00203E4B /* Main.storyboard */,
				D8FB1E19229040FE00203E4B /* Constants.swift */,
				D8FB1E01228B06E700203E4B /* controller */,
				D8FB1E09228DB1D500203E4B /* view */,
				D8FB1E02228B071600203E4B /* service */,
				D8FB1E06228B0B5100203E4B /* model */,
				D891C4EF2291AADD009B4A28 /* util */,
				D8FB1E03228B075B00203E4B /* resources */,
			);
			path = GitHubViewer;
			sourceTree = "<group>";
		};
		D8FB1E01228B06E700203E4B /* controller */ = {
			isa = PBXGroup;
			children = (
				D8FB1DED228AED7E00203E4B /* UserListViewController.swift */,
				D8FB1E0F228FD92E00203E4B /* UserRepositoryViewController.swift */,
				D8FB1E1F22906F0900203E4B /* WebViewController.swift */,
			);
			path = controller;
			sourceTree = "<group>";
		};
		D8FB1E02228B071600203E4B /* service */ = {
			isa = PBXGroup;
			children = (
				D8FB1E04228B0A8E00203E4B /* GitHubService.swift */,
			);
			path = service;
			sourceTree = "<group>";
		};
		D8FB1E03228B075B00203E4B /* resources */ = {
			isa = PBXGroup;
			children = (
				D8FB1E0E228F0A5900203E4B /* Bridging-Header.h */,
				D8FB1DF2228AED8100203E4B /* Assets.xcassets */,
				D8FB1DF4228AED8100203E4B /* LaunchScreen.storyboard */,
				D8FB1DF7228AED8100203E4B /* Info.plist */,
				D8FB1DFD228AEECB00203E4B /* Settings.bundle */,
			);
			path = resources;
			sourceTree = "<group>";
		};
		D8FB1E06228B0B5100203E4B /* model */ = {
			isa = PBXGroup;
			children = (
				D8FB1E07228B0B6300203E4B /* User.swift */,
				D8FB1E11228FE8D800203E4B /* UserDetail.swift */,
				D8FB1E13228FEDD300203E4B /* Repository.swift */,
			);
			path = model;
			sourceTree = "<group>";
		};
		D8FB1E09228DB1D500203E4B /* view */ = {
			isa = PBXGroup;
			children = (
				D8FB1E0A228DB1EB00203E4B /* UserCell.swift */,
				D8FB1E0C228DB1F500203E4B /* UserCell.xib */,
				D8FB1E152290314600203E4B /* UserDetailView.swift */,
				D8FB1E17229036A100203E4B /* UserDetailView.xib */,
				D8FB1E1B229049F600203E4B /* RepositoryCell.swift */,
				D8FB1E1D22904A0300203E4B /* RepositoryCell.xib */,
			);
			path = view;
			sourceTree = "<group>";
		};
/* End PBXGroup section */

/* Begin PBXNativeTarget section */
		D891C4F52292E78C009B4A28 /* GitHubViewerTests */ = {
			isa = PBXNativeTarget;
			buildConfigurationList = D891C4FF2292E78D009B4A28 /* Build configuration list for PBXNativeTarget "GitHubViewerTests" */;
			buildPhases = (
				D891C4F22292E78C009B4A28 /* Sources */,
				D891C4F32292E78C009B4A28 /* Frameworks */,
				D891C4F42292E78C009B4A28 /* Resources */,
			);
			buildRules = (
			);
			dependencies = (
				D891C4FC2292E78C009B4A28 /* PBXTargetDependency */,
			);
			name = GitHubViewerTests;
			productName = GitHubViewerTests;
			productReference = D891C4F62292E78C009B4A28 /* GitHubViewerTests.xctest */;
			productType = "com.apple.product-type.bundle.unit-test";
		};
		D8FB1DE7228AED7E00203E4B /* GitHubViewer */ = {
			isa = PBXNativeTarget;
			buildConfigurationList = D8FB1DFA228AED8100203E4B /* Build configuration list for PBXNativeTarget "GitHubViewer" */;
			buildPhases = (
				E8D2A40EC0288C26E24031B8 /* [CP] Check Pods Manifest.lock */,
				D8FB1DE4228AED7E00203E4B /* Sources */,
				D8FB1DE5228AED7E00203E4B /* Frameworks */,
				D8FB1DE6228AED7E00203E4B /* Resources */,
				D8FB1DFF228AF0AC00203E4B /* ShellScript */,
				D1B12C6EFFF937D3545E769B /* [CP] Embed Pods Frameworks */,
			);
			buildRules = (
			);
			dependencies = (
			);
			name = GitHubViewer;
			productName = GitHubViewer;
			productReference = D8FB1DE8228AED7E00203E4B /* GitHubViewer.app */;
			productType = "com.apple.product-type.application";
		};
/* End PBXNativeTarget section */

/* Begin PBXProject section */
		D8FB1DE0228AED7E00203E4B /* Project object */ = {
			isa = PBXProject;
			attributes = {
				LastSwiftUpdateCheck = 1020;
				LastUpgradeCheck = 1020;
				ORGANIZATIONNAME = "Hit Apps";
				TargetAttributes = {
					D891C4F52292E78C009B4A28 = {
						CreatedOnToolsVersion = 10.2.1;
						TestTargetID = D8FB1DE7228AED7E00203E4B;
					};
					D8FB1DE7228AED7E00203E4B = {
						CreatedOnToolsVersion = 10.2.1;
					};
				};
			};
			buildConfigurationList = D8FB1DE3228AED7E00203E4B /* Build configuration list for PBXProject "GitHubViewer" */;
			compatibilityVersion = "Xcode 9.3";
			developmentRegion = en;
			hasScannedForEncodings = 0;
			knownRegions = (
				en,
				Base,
			);
			mainGroup = D8FB1DDF228AED7E00203E4B;
			productRefGroup = D8FB1DE9228AED7E00203E4B /* Products */;
			projectDirPath = "";
			projectRoot = "";
			targets = (
				D8FB1DE7228AED7E00203E4B /* GitHubViewer */,
				D891C4F52292E78C009B4A28 /* GitHubViewerTests */,
			);
		};
/* End PBXProject section */

/* Begin PBXResourcesBuildPhase section */
		D891C4F42292E78C009B4A28 /* Resources */ = {
			isa = PBXResourcesBuildPhase;
			buildActionMask = 2147483647;
			files = (
			);
			runOnlyForDeploymentPostprocessing = 0;
		};
		D8FB1DE6228AED7E00203E4B /* Resources */ = {
			isa = PBXResourcesBuildPhase;
			buildActionMask = 2147483647;
			files = (
				D8FB1E18229036A100203E4B /* UserDetailView.xib in Resources */,
				D8FB1E1E22904A0300203E4B /* RepositoryCell.xib in Resources */,
				D8FB1DFE228AEECB00203E4B /* Settings.bundle in Resources */,
				D8FB1DF6228AED8100203E4B /* LaunchScreen.storyboard in Resources */,
				D8FB1DF3228AED8100203E4B /* Assets.xcassets in Resources */,
				D8FB1DF1228AED7E00203E4B /* Main.storyboard in Resources */,
				D8FB1E0D228DB1F500203E4B /* UserCell.xib in Resources */,
			);
			runOnlyForDeploymentPostprocessing = 0;
		};
/* End PBXResourcesBuildPhase section */

/* Begin PBXShellScriptBuildPhase section */
		D1B12C6EFFF937D3545E769B /* [CP] Embed Pods Frameworks */ = {
			isa = PBXShellScriptBuildPhase;
			buildActionMask = 2147483647;
			files = (
			);
			inputFileListPaths = (
			);
			inputPaths = (
				"${SRCROOT}/Pods/Target Support Files/Pods-GitHubViewer/Pods-GitHubViewer-frameworks.sh",
				"${BUILT_PRODUCTS_DIR}/Alamofire/Alamofire.framework",
				"${BUILT_PRODUCTS_DIR}/AlamofireImage/AlamofireImage.framework",
				"${BUILT_PRODUCTS_DIR}/SCLAlertView/SCLAlertView.framework",
				"${BUILT_PRODUCTS_DIR}/StatusCodes/StatusCodes.framework",
				"${BUILT_PRODUCTS_DIR}/TTGSnackbar/TTGSnackbar.framework",
				"${BUILT_PRODUCTS_DIR}/UIScrollView-InfiniteScroll/UIScrollView_InfiniteScroll.framework",
			);
			name = "[CP] Embed Pods Frameworks";
			outputFileListPaths = (
			);
			outputPaths = (
				"${TARGET_BUILD_DIR}/${FRAMEWORKS_FOLDER_PATH}/Alamofire.framework",
				"${TARGET_BUILD_DIR}/${FRAMEWORKS_FOLDER_PATH}/AlamofireImage.framework",
				"${TARGET_BUILD_DIR}/${FRAMEWORKS_FOLDER_PATH}/SCLAlertView.framework",
				"${TARGET_BUILD_DIR}/${FRAMEWORKS_FOLDER_PATH}/StatusCodes.framework",
				"${TARGET_BUILD_DIR}/${FRAMEWORKS_FOLDER_PATH}/TTGSnackbar.framework",
				"${TARGET_BUILD_DIR}/${FRAMEWORKS_FOLDER_PATH}/UIScrollView_InfiniteScroll.framework",
			);
			runOnlyForDeploymentPostprocessing = 0;
			shellPath = /bin/sh;
			shellScript = "\"${SRCROOT}/Pods/Target Support Files/Pods-GitHubViewer/Pods-GitHubViewer-frameworks.sh\"\n";
			showEnvVarsInLog = 0;
		};
		D8FB1DFF228AF0AC00203E4B /* ShellScript */ = {
			isa = PBXShellScriptBuildPhase;
			buildActionMask = 2147483647;
			files = (
			);
			inputFileListPaths = (
			);
			inputPaths = (
			);
			outputFileListPaths = (
			);
			outputPaths = (
			);
			runOnlyForDeploymentPostprocessing = 0;
			shellPath = /bin/sh;
			shellScript = "APP_VERSION=$(/usr/libexec/PlistBuddy -c \"Print CFBundleShortVersionString\" \"$PRODUCT_SETTINGS_PATH\")\n/usr/libexec/PlistBuddy -c \"Set :PreferenceSpecifiers:1:DefaultValue ${APP_VERSION}\" \"${BUILT_PRODUCTS_DIR}/${WRAPPER_NAME}/Settings.bundle/Root.plist\"\n";
		};
		E8D2A40EC0288C26E24031B8 /* [CP] Check Pods Manifest.lock */ = {
			isa = PBXShellScriptBuildPhase;
			buildActionMask = 2147483647;
			files = (
			);
			inputFileListPaths = (
			);
			inputPaths = (
				"${PODS_PODFILE_DIR_PATH}/Podfile.lock",
				"${PODS_ROOT}/Manifest.lock",
			);
			name = "[CP] Check Pods Manifest.lock";
			outputFileListPaths = (
			);
			outputPaths = (
				"$(DERIVED_FILE_DIR)/Pods-GitHubViewer-checkManifestLockResult.txt",
			);
			runOnlyForDeploymentPostprocessing = 0;
			shellPath = /bin/sh;
			shellScript = "diff \"${PODS_PODFILE_DIR_PATH}/Podfile.lock\" \"${PODS_ROOT}/Manifest.lock\" > /dev/null\nif [ $? != 0 ] ; then\n    # print error to STDERR\n    echo \"error: The sandbox is not in sync with the Podfile.lock. Run 'pod install' or update your CocoaPods installation.\" >&2\n    exit 1\nfi\n# This output is used by Xcode 'outputs' to avoid re-running this script phase.\necho \"SUCCESS\" > \"${SCRIPT_OUTPUT_FILE_0}\"\n";
			showEnvVarsInLog = 0;
		};
/* End PBXShellScriptBuildPhase section */

/* Begin PBXSourcesBuildPhase section */
		D891C4F22292E78C009B4A28 /* Sources */ = {
			isa = PBXSourcesBuildPhase;
			buildActionMask = 2147483647;
			files = (
				D891C5062292EBB2009B4A28 /* GitHubServiceTests.swift in Sources */,
				D891C5042292E911009B4A28 /* GitHubUtilTests.swift in Sources */,
			);
			runOnlyForDeploymentPostprocessing = 0;
		};
		D8FB1DE4228AED7E00203E4B /* Sources */ = {
			isa = PBXSourcesBuildPhase;
			buildActionMask = 2147483647;
			files = (
				D8FB1E08228B0B6300203E4B /* User.swift in Sources */,
				D8FB1E12228FE8D800203E4B /* UserDetail.swift in Sources */,
				D8FB1DEE228AED7E00203E4B /* UserListViewController.swift in Sources */,
				D8FB1E14228FEDD400203E4B /* Repository.swift in Sources */,
				D8FB1E162290314600203E4B /* UserDetailView.swift in Sources */,
				D8FB1E1A229040FE00203E4B /* Constants.swift in Sources */,
				D8FB1E1C229049F700203E4B /* RepositoryCell.swift in Sources */,
				D8FB1E2022906F0900203E4B /* WebViewController.swift in Sources */,
				D891C4F12291AB40009B4A28 /* GitHubUtil.swift in Sources */,
				D8FB1E05228B0A8E00203E4B /* GitHubService.swift in Sources */,
				D8FB1E10228FD92E00203E4B /* UserRepositoryViewController.swift in Sources */,
				D8FB1E0B228DB1EB00203E4B /* UserCell.swift in Sources */,
				D8FB1DEC228AED7E00203E4B /* AppDelegate.swift in Sources */,
			);
			runOnlyForDeploymentPostprocessing = 0;
		};
/* End PBXSourcesBuildPhase section */

/* Begin PBXTargetDependency section */
		D891C4FC2292E78C009B4A28 /* PBXTargetDependency */ = {
			isa = PBXTargetDependency;
			target = D8FB1DE7228AED7E00203E4B /* GitHubViewer */;
			targetProxy = D891C4FB2292E78C009B4A28 /* PBXContainerItemProxy */;
		};
/* End PBXTargetDependency section */

/* Begin PBXVariantGroup section */
		D8FB1DEF228AED7E00203E4B /* Main.storyboard */ = {
			isa = PBXVariantGroup;
			children = (
				D8FB1DF0228AED7E00203E4B /* Base */,
			);
			name = Main.storyboard;
			sourceTree = "<group>";
		};
		D8FB1DF4228AED8100203E4B /* LaunchScreen.storyboard */ = {
			isa = PBXVariantGroup;
			children = (
				D8FB1DF5228AED8100203E4B /* Base */,
			);
			name = LaunchScreen.storyboard;
			sourceTree = "<group>";
		};
/* End PBXVariantGroup section */

/* Begin XCBuildConfiguration section */
		D891C4FD2292E78D009B4A28 /* Debug */ = {
			isa = XCBuildConfiguration;
			buildSettings = {
				BUNDLE_LOADER = "$(TEST_HOST)";
				CODE_SIGN_STYLE = Automatic;
				DEVELOPMENT_TEAM = "";
				INFOPLIST_FILE = GitHubViewerTests/Info.plist;
				IPHONEOS_DEPLOYMENT_TARGET = 12.2;
				LD_RUNPATH_SEARCH_PATHS = (
					"$(inherited)",
					"@executable_path/Frameworks",
					"@loader_path/Frameworks",
				);
				PRODUCT_BUNDLE_IDENTIFIER = jp.hitting.GitHubViewerTests;
				PRODUCT_NAME = "$(TARGET_NAME)";
				SWIFT_VERSION = 5.0;
				TARGETED_DEVICE_FAMILY = "1,2";
				TEST_HOST = "$(BUILT_PRODUCTS_DIR)/GitHubViewer.app/GitHubViewer";
			};
			name = Debug;
		};
		D891C4FE2292E78D009B4A28 /* Release */ = {
			isa = XCBuildConfiguration;
			buildSettings = {
				BUNDLE_LOADER = "$(TEST_HOST)";
				CODE_SIGN_STYLE = Automatic;
				DEVELOPMENT_TEAM = "";
				INFOPLIST_FILE = GitHubViewerTests/Info.plist;
				IPHONEOS_DEPLOYMENT_TARGET = 12.2;
				LD_RUNPATH_SEARCH_PATHS = (
					"$(inherited)",
					"@executable_path/Frameworks",
					"@loader_path/Frameworks",
				);
				PRODUCT_BUNDLE_IDENTIFIER = jp.hitting.GitHubViewerTests;
				PRODUCT_NAME = "$(TARGET_NAME)";
				SWIFT_VERSION = 5.0;
				TARGETED_DEVICE_FAMILY = "1,2";
				TEST_HOST = "$(BUILT_PRODUCTS_DIR)/GitHubViewer.app/GitHubViewer";
			};
			name = Release;
		};
		D8FB1DF8228AED8100203E4B /* Debug */ = {
			isa = XCBuildConfiguration;
			buildSettings = {
				ALWAYS_SEARCH_USER_PATHS = NO;
				CLANG_ANALYZER_NONNULL = YES;
				CLANG_ANALYZER_NUMBER_OBJECT_CONVERSION = YES_AGGRESSIVE;
				CLANG_CXX_LANGUAGE_STANDARD = "gnu++14";
				CLANG_CXX_LIBRARY = "libc++";
				CLANG_ENABLE_MODULES = YES;
				CLANG_ENABLE_OBJC_ARC = YES;
				CLANG_ENABLE_OBJC_WEAK = YES;
				CLANG_WARN_BLOCK_CAPTURE_AUTORELEASING = YES;
				CLANG_WARN_BOOL_CONVERSION = YES;
				CLANG_WARN_COMMA = YES;
				CLANG_WARN_CONSTANT_CONVERSION = YES;
				CLANG_WARN_DEPRECATED_OBJC_IMPLEMENTATIONS = YES;
				CLANG_WARN_DIRECT_OBJC_ISA_USAGE = YES_ERROR;
				CLANG_WARN_DOCUMENTATION_COMMENTS = YES;
				CLANG_WARN_EMPTY_BODY = YES;
				CLANG_WARN_ENUM_CONVERSION = YES;
				CLANG_WARN_INFINITE_RECURSION = YES;
				CLANG_WARN_INT_CONVERSION = YES;
				CLANG_WARN_NON_LITERAL_NULL_CONVERSION = YES;
				CLANG_WARN_OBJC_IMPLICIT_RETAIN_SELF = YES;
				CLANG_WARN_OBJC_LITERAL_CONVERSION = YES;
				CLANG_WARN_OBJC_ROOT_CLASS = YES_ERROR;
				CLANG_WARN_RANGE_LOOP_ANALYSIS = YES;
				CLANG_WARN_STRICT_PROTOTYPES = YES;
				CLANG_WARN_SUSPICIOUS_MOVE = YES;
				CLANG_WARN_UNGUARDED_AVAILABILITY = YES_AGGRESSIVE;
				CLANG_WARN_UNREACHABLE_CODE = YES;
				CLANG_WARN__DUPLICATE_METHOD_MATCH = YES;
				CODE_SIGN_IDENTITY = "iPhone Developer";
				COPY_PHASE_STRIP = NO;
				DEBUG_INFORMATION_FORMAT = dwarf;
				ENABLE_STRICT_OBJC_MSGSEND = YES;
				ENABLE_TESTABILITY = YES;
				GCC_C_LANGUAGE_STANDARD = gnu11;
				GCC_DYNAMIC_NO_PIC = NO;
				GCC_NO_COMMON_BLOCKS = YES;
				GCC_OPTIMIZATION_LEVEL = 0;
				GCC_PREPROCESSOR_DEFINITIONS = (
					"DEBUG=1",
					"$(inherited)",
				);
				GCC_WARN_64_TO_32_BIT_CONVERSION = YES;
				GCC_WARN_ABOUT_RETURN_TYPE = YES_ERROR;
				GCC_WARN_UNDECLARED_SELECTOR = YES;
				GCC_WARN_UNINITIALIZED_AUTOS = YES_AGGRESSIVE;
				GCC_WARN_UNUSED_FUNCTION = YES;
				GCC_WARN_UNUSED_VARIABLE = YES;
				IPHONEOS_DEPLOYMENT_TARGET = 11.0;
				MTL_ENABLE_DEBUG_INFO = INCLUDE_SOURCE;
				MTL_FAST_MATH = YES;
				ONLY_ACTIVE_ARCH = YES;
				SDKROOT = iphoneos;
				SWIFT_ACTIVE_COMPILATION_CONDITIONS = DEBUG;
				SWIFT_OPTIMIZATION_LEVEL = "-Onone";
			};
			name = Debug;
		};
		D8FB1DF9228AED8100203E4B /* Release */ = {
			isa = XCBuildConfiguration;
			buildSettings = {
				ALWAYS_SEARCH_USER_PATHS = NO;
				CLANG_ANALYZER_NONNULL = YES;
				CLANG_ANALYZER_NUMBER_OBJECT_CONVERSION = YES_AGGRESSIVE;
				CLANG_CXX_LANGUAGE_STANDARD = "gnu++14";
				CLANG_CXX_LIBRARY = "libc++";
				CLANG_ENABLE_MODULES = YES;
				CLANG_ENABLE_OBJC_ARC = YES;
				CLANG_ENABLE_OBJC_WEAK = YES;
				CLANG_WARN_BLOCK_CAPTURE_AUTORELEASING = YES;
				CLANG_WARN_BOOL_CONVERSION = YES;
				CLANG_WARN_COMMA = YES;
				CLANG_WARN_CONSTANT_CONVERSION = YES;
				CLANG_WARN_DEPRECATED_OBJC_IMPLEMENTATIONS = YES;
				CLANG_WARN_DIRECT_OBJC_ISA_USAGE = YES_ERROR;
				CLANG_WARN_DOCUMENTATION_COMMENTS = YES;
				CLANG_WARN_EMPTY_BODY = YES;
				CLANG_WARN_ENUM_CONVERSION = YES;
				CLANG_WARN_INFINITE_RECURSION = YES;
				CLANG_WARN_INT_CONVERSION = YES;
				CLANG_WARN_NON_LITERAL_NULL_CONVERSION = YES;
				CLANG_WARN_OBJC_IMPLICIT_RETAIN_SELF = YES;
				CLANG_WARN_OBJC_LITERAL_CONVERSION = YES;
				CLANG_WARN_OBJC_ROOT_CLASS = YES_ERROR;
				CLANG_WARN_RANGE_LOOP_ANALYSIS = YES;
				CLANG_WARN_STRICT_PROTOTYPES = YES;
				CLANG_WARN_SUSPICIOUS_MOVE = YES;
				CLANG_WARN_UNGUARDED_AVAILABILITY = YES_AGGRESSIVE;
				CLANG_WARN_UNREACHABLE_CODE = YES;
				CLANG_WARN__DUPLICATE_METHOD_MATCH = YES;
				CODE_SIGN_IDENTITY = "iPhone Developer";
				COPY_PHASE_STRIP = NO;
				DEBUG_INFORMATION_FORMAT = "dwarf-with-dsym";
				ENABLE_NS_ASSERTIONS = NO;
				ENABLE_STRICT_OBJC_MSGSEND = YES;
				GCC_C_LANGUAGE_STANDARD = gnu11;
				GCC_NO_COMMON_BLOCKS = YES;
				GCC_WARN_64_TO_32_BIT_CONVERSION = YES;
				GCC_WARN_ABOUT_RETURN_TYPE = YES_ERROR;
				GCC_WARN_UNDECLARED_SELECTOR = YES;
				GCC_WARN_UNINITIALIZED_AUTOS = YES_AGGRESSIVE;
				GCC_WARN_UNUSED_FUNCTION = YES;
				GCC_WARN_UNUSED_VARIABLE = YES;
				IPHONEOS_DEPLOYMENT_TARGET = 11.0;
				MTL_ENABLE_DEBUG_INFO = NO;
				MTL_FAST_MATH = YES;
				SDKROOT = iphoneos;
				SWIFT_COMPILATION_MODE = wholemodule;
				SWIFT_OPTIMIZATION_LEVEL = "-O";
				VALIDATE_PRODUCT = YES;
			};
			name = Release;
		};
		D8FB1DFB228AED8100203E4B /* Debug */ = {
			isa = XCBuildConfiguration;
			baseConfigurationReference = 586A3BAFB706B6ACA94979E7 /* Pods-GitHubViewer.debug.xcconfig */;
			buildSettings = {
				ASSETCATALOG_COMPILER_APPICON_NAME = AppIcon;
				CODE_SIGN_STYLE = Automatic;
				INFOPLIST_FILE = GitHubViewer/resources/Info.plist;
				IPHONEOS_DEPLOYMENT_TARGET = 11.0;
				LD_RUNPATH_SEARCH_PATHS = (
					"$(inherited)",
					"@executable_path/Frameworks",
				);
				PRODUCT_BUNDLE_IDENTIFIER = jp.hitting.GitHubViewer;
				PRODUCT_NAME = "$(TARGET_NAME)";
				SWIFT_OBJC_BRIDGING_HEADER = "$(SRCROOT)/$(PROJECT)/resources/Bridging-Header.h";
				SWIFT_VERSION = 5.0;
				TARGETED_DEVICE_FAMILY = "1,2";
			};
			name = Debug;
		};
		D8FB1DFC228AED8100203E4B /* Release */ = {
			isa = XCBuildConfiguration;
			baseConfigurationReference = C488F3D143937417B8014B67 /* Pods-GitHubViewer.release.xcconfig */;
			buildSettings = {
				ASSETCATALOG_COMPILER_APPICON_NAME = AppIcon;
				CODE_SIGN_STYLE = Automatic;
				INFOPLIST_FILE = GitHubViewer/resources/Info.plist;
				IPHONEOS_DEPLOYMENT_TARGET = 11.0;
				LD_RUNPATH_SEARCH_PATHS = (
					"$(inherited)",
					"@executable_path/Frameworks",
				);
				PRODUCT_BUNDLE_IDENTIFIER = jp.hitting.GitHubViewer;
				PRODUCT_NAME = "$(TARGET_NAME)";
				SWIFT_OBJC_BRIDGING_HEADER = "$(SRCROOT)/$(PROJECT)/resources/Bridging-Header.h";
				SWIFT_VERSION = 5.0;
				TARGETED_DEVICE_FAMILY = "1,2";
			};
			name = Release;
		};
/* End XCBuildConfiguration section */

/* Begin XCConfigurationList section */
		D891C4FF2292E78D009B4A28 /* Build configuration list for PBXNativeTarget "GitHubViewerTests" */ = {
			isa = XCConfigurationList;
			buildConfigurations = (
				D891C4FD2292E78D009B4A28 /* Debug */,
				D891C4FE2292E78D009B4A28 /* Release */,
			);
			defaultConfigurationIsVisible = 0;
			defaultConfigurationName = Release;
		};
		D8FB1DE3228AED7E00203E4B /* Build configuration list for PBXProject "GitHubViewer" */ = {
			isa = XCConfigurationList;
			buildConfigurations = (
				D8FB1DF8228AED8100203E4B /* Debug */,
				D8FB1DF9228AED8100203E4B /* Release */,
			);
			defaultConfigurationIsVisible = 0;
			defaultConfigurationName = Release;
		};
		D8FB1DFA228AED8100203E4B /* Build configuration list for PBXNativeTarget "GitHubViewer" */ = {
			isa = XCConfigurationList;
			buildConfigurations = (
				D8FB1DFB228AED8100203E4B /* Debug */,
				D8FB1DFC228AED8100203E4B /* Release */,
			);
			defaultConfigurationIsVisible = 0;
			defaultConfigurationName = Release;
		};
/* End XCConfigurationList section */
	};
	rootObject = D8FB1DE0228AED7E00203E4B /* Project object */;
}
